// !$*UTF8*$!
{
	archiveVersion = 1;
	classes = {
	};
	objectVersion = 46;
	objects = {

/* Begin PBXBuildFile section */
		528219B61C6F0D0A003B9307 /* AppDelegate.swift in Sources */ = {isa = PBXBuildFile; fileRef = 528219B51C6F0D0A003B9307 /* AppDelegate.swift */; };
		528219BB1C6F0D0B003B9307 /* Main.storyboard in Resources */ = {isa = PBXBuildFile; fileRef = 528219B91C6F0D0B003B9307 /* Main.storyboard */; };
		528219BD1C6F0D0B003B9307 /* Assets.xcassets in Resources */ = {isa = PBXBuildFile; fileRef = 528219BC1C6F0D0B003B9307 /* Assets.xcassets */; };
		528219C01C6F0D0B003B9307 /* LaunchScreen.storyboard in Resources */ = {isa = PBXBuildFile; fileRef = 528219BE1C6F0D0B003B9307 /* LaunchScreen.storyboard */; };
		528219C61C6F0DBB003B9307 /* UCConfigManager.swift in Sources */ = {isa = PBXBuildFile; fileRef = 528219C51C6F0DBB003B9307 /* UCConfigManager.swift */; };
		528219CE1C6F0FB2003B9307 /* UCSplashViewController.swift in Sources */ = {isa = PBXBuildFile; fileRef = 528219CD1C6F0FB2003B9307 /* UCSplashViewController.swift */; };
		528219D01C6F0FD9003B9307 /* UCSplashView.swift in Sources */ = {isa = PBXBuildFile; fileRef = 528219CF1C6F0FD9003B9307 /* UCSplashView.swift */; };
/* End PBXBuildFile section */

/* Begin PBXFileReference section */
		528219B21C6F0D0A003B9307 /* underchess.app */ = {isa = PBXFileReference; explicitFileType = wrapper.application; includeInIndex = 0; path = underchess.app; sourceTree = BUILT_PRODUCTS_DIR; };
		528219B51C6F0D0A003B9307 /* AppDelegate.swift */ = {isa = PBXFileReference; lastKnownFileType = sourcecode.swift; path = AppDelegate.swift; sourceTree = "<group>"; };
		528219BA1C6F0D0B003B9307 /* Base */ = {isa = PBXFileReference; lastKnownFileType = file.storyboard; name = Base; path = Base.lproj/Main.storyboard; sourceTree = "<group>"; };
		528219BC1C6F0D0B003B9307 /* Assets.xcassets */ = {isa = PBXFileReference; lastKnownFileType = folder.assetcatalog; name = Assets.xcassets; path = underchess/Assets.xcassets; sourceTree = "<group>"; };
		528219BF1C6F0D0B003B9307 /* Base */ = {isa = PBXFileReference; lastKnownFileType = file.storyboard; name = Base; path = Base.lproj/LaunchScreen.storyboard; sourceTree = "<group>"; };
		528219C11C6F0D0B003B9307 /* Info.plist */ = {isa = PBXFileReference; lastKnownFileType = text.plist.xml; name = Info.plist; path = underchess/Info.plist; sourceTree = "<group>"; };
		528219C51C6F0DBB003B9307 /* UCConfigManager.swift */ = {isa = PBXFileReference; fileEncoding = 4; lastKnownFileType = sourcecode.swift; path = UCConfigManager.swift; sourceTree = "<group>"; };
		528219CD1C6F0FB2003B9307 /* UCSplashViewController.swift */ = {isa = PBXFileReference; fileEncoding = 4; lastKnownFileType = sourcecode.swift; path = UCSplashViewController.swift; sourceTree = "<group>"; };
		528219CF1C6F0FD9003B9307 /* UCSplashView.swift */ = {isa = PBXFileReference; fileEncoding = 4; lastKnownFileType = sourcecode.swift; path = UCSplashView.swift; sourceTree = "<group>"; };
/* End PBXFileReference section */

/* Begin PBXFrameworksBuildPhase section */
		528219AF1C6F0D0A003B9307 /* Frameworks */ = {
			isa = PBXFrameworksBuildPhase;
			buildActionMask = 2147483647;
			files = (
			);
			runOnlyForDeploymentPostprocessing = 0;
		};
/* End PBXFrameworksBuildPhase section */

/* Begin PBXGroup section */
		528219A71C6F06F2003B9307 = {
			isa = PBXGroup;
			children = (
				528219B41C6F0D0A003B9307 /* underchess */,
				528219C71C6F0ECB003B9307 /* Art */,
				528219C81C6F0EDC003B9307 /* Support */,
				528219B31C6F0D0A003B9307 /* Products */,
			);
			sourceTree = "<group>";
		};
		528219B31C6F0D0A003B9307 /* Products */ = {
			isa = PBXGroup;
			children = (
				528219B21C6F0D0A003B9307 /* underchess.app */,
			);
			name = Products;
			sourceTree = "<group>";
		};
		528219B41C6F0D0A003B9307 /* underchess */ = {
			isa = PBXGroup;
			children = (
				528219B51C6F0D0A003B9307 /* AppDelegate.swift */,
				528219C91C6F0EFF003B9307 /* Splash Scene */,
				528219CA1C6F0F10003B9307 /* Main Scene */,
				528219CC1C6F0F30003B9307 /* Game Scene */,
				528219CB1C6F0F1D003B9307 /* Configuration Scene */,
				528219C51C6F0DBB003B9307 /* UCConfigManager.swift */,
				528219B91C6F0D0B003B9307 /* Main.storyboard */,
			);
			path = underchess;
			sourceTree = "<group>";
		};
		528219C71C6F0ECB003B9307 /* Art */ = {
			isa = PBXGroup;
			children = (
				528219BC1C6F0D0B003B9307 /* Assets.xcassets */,
			);
			name = Art;
			sourceTree = "<group>";
		};
		528219C81C6F0EDC003B9307 /* Support */ = {
			isa = PBXGroup;
			children = (
				528219C11C6F0D0B003B9307 /* Info.plist */,
				528219BE1C6F0D0B003B9307 /* LaunchScreen.storyboard */,
			);
			name = Support;
			sourceTree = "<group>";
		};
		528219C91C6F0EFF003B9307 /* Splash Scene */ = {
			isa = PBXGroup;
			children = (
				528219CD1C6F0FB2003B9307 /* UCSplashViewController.swift */,
				528219CF1C6F0FD9003B9307 /* UCSplashView.swift */,
			);
			name = "Splash Scene";
			sourceTree = "<group>";
		};
		528219CA1C6F0F10003B9307 /* Main Scene */ = {
			isa = PBXGroup;
			children = (
			);
			name = "Main Scene";
			sourceTree = "<group>";
		};
		528219CB1C6F0F1D003B9307 /* Configuration Scene */ = {
			isa = PBXGroup;
			children = (
			);
			name = "Configuration Scene";
			sourceTree = "<group>";
		};
		528219CC1C6F0F30003B9307 /* Game Scene */ = {
			isa = PBXGroup;
			children = (
			);
			name = "Game Scene";
			sourceTree = "<group>";
		};
/* End PBXGroup section */

/* Begin PBXNativeTarget section */
		528219B11C6F0D0A003B9307 /* underchess */ = {
			isa = PBXNativeTarget;
			buildConfigurationList = 528219C41C6F0D0B003B9307 /* Build configuration list for PBXNativeTarget "underchess" */;
			buildPhases = (
				528219AE1C6F0D0A003B9307 /* Sources */,
				528219AF1C6F0D0A003B9307 /* Frameworks */,
				528219B01C6F0D0A003B9307 /* Resources */,
			);
			buildRules = (
			);
			dependencies = (
			);
			name = underchess;
			productName = underchess;
			productReference = 528219B21C6F0D0A003B9307 /* underchess.app */;
			productType = "com.apple.product-type.application";
		};
/* End PBXNativeTarget section */

/* Begin PBXProject section */
		528219A81C6F06F2003B9307 /* Project object */ = {
			isa = PBXProject;
			attributes = {
				CLASSPREFIX = UC;
				LastSwiftUpdateCheck = 0720;
				LastUpgradeCheck = 0720;
				ORGANIZATIONNAME = WWITDC;
				TargetAttributes = {
					528219B11C6F0D0A003B9307 = {
						CreatedOnToolsVersion = 7.2.1;
					};
				};
			};
			buildConfigurationList = 528219AB1C6F06F2003B9307 /* Build configuration list for PBXProject "Underchess" */;
			compatibilityVersion = "Xcode 3.2";
			developmentRegion = English;
			hasScannedForEncodings = 0;
			knownRegions = (
				en,
				Base,
			);
			mainGroup = 528219A71C6F06F2003B9307;
			productRefGroup = 528219B31C6F0D0A003B9307 /* Products */;
			projectDirPath = "";
			projectRoot = "";
			targets = (
				528219B11C6F0D0A003B9307 /* underchess */,
			);
		};
/* End PBXProject section */

/* Begin PBXResourcesBuildPhase section */
		528219B01C6F0D0A003B9307 /* Resources */ = {
			isa = PBXResourcesBuildPhase;
			buildActionMask = 2147483647;
			files = (
				528219C01C6F0D0B003B9307 /* LaunchScreen.storyboard in Resources */,
				528219BD1C6F0D0B003B9307 /* Assets.xcassets in Resources */,
				528219BB1C6F0D0B003B9307 /* Main.storyboard in Resources */,
			);
			runOnlyForDeploymentPostprocessing = 0;
		};
/* End PBXResourcesBuildPhase section */

/* Begin PBXSourcesBuildPhase section */
		528219AE1C6F0D0A003B9307 /* Sources */ = {
			isa = PBXSourcesBuildPhase;
			buildActionMask = 2147483647;
			files = (
				528219B61C6F0D0A003B9307 /* AppDelegate.swift in Sources */,
				528219C61C6F0DBB003B9307 /* UCConfigManager.swift in Sources */,
				528219CE1C6F0FB2003B9307 /* UCSplashViewController.swift in Sources */,
				528219D01C6F0FD9003B9307 /* UCSplashView.swift in Sources */,
			);
			runOnlyForDeploymentPostprocessing = 0;
		};
/* End PBXSourcesBuildPhase section */

/* Begin PBXVariantGroup section */
		528219B91C6F0D0B003B9307 /* Main.storyboard */ = {
			isa = PBXVariantGroup;
			children = (
				528219BA1C6F0D0B003B9307 /* Base */,
			);
			name = Main.storyboard;
			sourceTree = "<group>";
		};
		528219BE1C6F0D0B003B9307 /* LaunchScreen.storyboard */ = {
			isa = PBXVariantGroup;
			children = (
				528219BF1C6F0D0B003B9307 /* Base */,
			);
			name = LaunchScreen.storyboard;
			path = underchess;
			sourceTree = "<group>";
		};
/* End PBXVariantGroup section */

/* Begin XCBuildConfiguration section */
		528219AC1C6F06F3003B9307 /* Debug */ = {
			isa = XCBuildConfiguration;
			buildSettings = {
				IPHONEOS_DEPLOYMENT_TARGET = 8.0;
			};
			name = Debug;
		};
		528219AD1C6F06F3003B9307 /* Release */ = {
			isa = XCBuildConfiguration;
			buildSettings = {
				IPHONEOS_DEPLOYMENT_TARGET = 8.0;
			};
			name = Release;
		};
		528219C21C6F0D0B003B9307 /* Debug */ = {
			isa = XCBuildConfiguration;
			buildSettings = {
				ALWAYS_SEARCH_USER_PATHS = NO;
				ASSETCATALOG_COMPILER_APPICON_NAME = AppIcon;
				CLANG_CXX_LANGUAGE_STANDARD = "gnu++0x";
				CLANG_CXX_LIBRARY = "libc++";
				CLANG_ENABLE_MODULES = YES;
				CLANG_ENABLE_OBJC_ARC = YES;
				CLANG_WARN_BOOL_CONVERSION = YES;
				CLANG_WARN_CONSTANT_CONVERSION = YES;
				CLANG_WARN_DIRECT_OBJC_ISA_USAGE = YES_ERROR;
				CLANG_WARN_EMPTY_BODY = YES;
				CLANG_WARN_ENUM_CONVERSION = YES;
				CLANG_WARN_INT_CONVERSION = YES;
				CLANG_WARN_OBJC_ROOT_CLASS = YES_ERROR;
				CLANG_WARN_UNREACHABLE_CODE = YES;
				CLANG_WARN__DUPLICATE_METHOD_MATCH = YES;
				"CODE_SIGN_IDENTITY[sdk=iphoneos*]" = "iPhone Developer";
				COPY_PHASE_STRIP = NO;
				DEBUG_INFORMATION_FORMAT = dwarf;
				ENABLE_STRICT_OBJC_MSGSEND = YES;
				ENABLE_TESTABILITY = YES;
				GCC_C_LANGUAGE_STANDARD = gnu99;
				GCC_DYNAMIC_NO_PIC = NO;
				GCC_NO_COMMON_BLOCKS = YES;
				GCC_OPTIMIZATION_LEVEL = 0;
				GCC_PREPROCESSOR_DEFINITIONS = (
					"DEBUG=1",
					"$(inherited)",
				);
				GCC_WARN_64_TO_32_BIT_CONVERSION = YES;
				GCC_WARN_ABOUT_RETURN_TYPE = YES_ERROR;
				GCC_WARN_UNDECLARED_SELECTOR = YES;
				GCC_WARN_UNINITIALIZED_AUTOS = YES_AGGRESSIVE;
				GCC_WARN_UNUSED_FUNCTION = YES;
				GCC_WARN_UNUSED_VARIABLE = YES;
				INFOPLIST_FILE = underchess/Info.plist;
				IPHONEOS_DEPLOYMENT_TARGET = 8.0;
				LD_RUNPATH_SEARCH_PATHS = "$(inherited) @executable_path/Frameworks";
				MTL_ENABLE_DEBUG_INFO = YES;
				ONLY_ACTIVE_ARCH = YES;
				PRODUCT_BUNDLE_IDENTIFIER = net.jdnetwork.wwitdc.underchess;
				PRODUCT_NAME = "$(TARGET_NAME)";
				SDKROOT = iphoneos;
				SWIFT_OPTIMIZATION_LEVEL = "-Onone";
				TARGETED_DEVICE_FAMILY = "1,2";
			};
			name = Debug;
		};
		528219C31C6F0D0B003B9307 /* Release */ = {
			isa = XCBuildConfiguration;
			buildSettings = {
				ALWAYS_SEARCH_USER_PATHS = NO;
				ASSETCATALOG_COMPILER_APPICON_NAME = AppIcon;
				CLANG_CXX_LANGUAGE_STANDARD = "gnu++0x";
				CLANG_CXX_LIBRARY = "libc++";
				CLANG_ENABLE_MODULES = YES;
				CLANG_ENABLE_OBJC_ARC = YES;
				CLANG_WARN_BOOL_CONVERSION = YES;
				CLANG_WARN_CONSTANT_CONVERSION = YES;
				CLANG_WARN_DIRECT_OBJC_ISA_USAGE = YES_ERROR;
				CLANG_WARN_EMPTY_BODY = YES;
				CLANG_WARN_ENUM_CONVERSION = YES;
				CLANG_WARN_INT_CONVERSION = YES;
				CLANG_WARN_OBJC_ROOT_CLASS = YES_ERROR;
				CLANG_WARN_UNREACHABLE_CODE = YES;
				CLANG_WARN__DUPLICATE_METHOD_MATCH = YES;
				"CODE_SIGN_IDENTITY[sdk=iphoneos*]" = "iPhone Developer";
				COPY_PHASE_STRIP = NO;
				DEBUG_INFORMATION_FORMAT = "dwarf-with-dsym";
				ENABLE_NS_ASSERTIONS = NO;
				ENABLE_STRICT_OBJC_MSGSEND = YES;
				GCC_C_LANGUAGE_STANDARD = gnu99;
				GCC_NO_COMMON_BLOCKS = YES;
				GCC_WARN_64_TO_32_BIT_CONVERSION = YES;
				GCC_WARN_ABOUT_RETURN_TYPE = YES_ERROR;
				GCC_WARN_UNDECLARED_SELECTOR = YES;
				GCC_WARN_UNINITIALIZED_AUTOS = YES_AGGRESSIVE;
				GCC_WARN_UNUSED_FUNCTION = YES;
				GCC_WARN_UNUSED_VARIABLE = YES;
				INFOPLIST_FILE = underchess/Info.plist;
				IPHONEOS_DEPLOYMENT_TARGET = 8.0;
				LD_RUNPATH_SEARCH_PATHS = "$(inherited) @executable_path/Frameworks";
				MTL_ENABLE_DEBUG_INFO = NO;
				PRODUCT_BUNDLE_IDENTIFIER = net.jdnetwork.wwitdc.underchess;
				PRODUCT_NAME = "$(TARGET_NAME)";
				SDKROOT = iphoneos;
				TARGETED_DEVICE_FAMILY = "1,2";
				VALIDATE_PRODUCT = YES;
			};
			name = Release;
		};
/* End XCBuildConfiguration section */

/* Begin XCConfigurationList section */
		528219AB1C6F06F2003B9307 /* Build configuration list for PBXProject "Underchess" */ = {
			isa = XCConfigurationList;
			buildConfigurations = (
				528219AC1C6F06F3003B9307 /* Debug */,
				528219AD1C6F06F3003B9307 /* Release */,
			);
			defaultConfigurationIsVisible = 0;
			defaultConfigurationName = Release;
		};
		528219C41C6F0D0B003B9307 /* Build configuration list for PBXNativeTarget "underchess" */ = {
			isa = XCConfigurationList;
			buildConfigurations = (
				528219C21C6F0D0B003B9307 /* Debug */,
				528219C31C6F0D0B003B9307 /* Release */,
			);
			defaultConfigurationIsVisible = 0;
		};
/* End XCConfigurationList section */
	};
	rootObject = 528219A81C6F06F2003B9307 /* Project object */;
}
