// !$*UTF8*$!
{
	archiveVersion = 1;
	classes = {
	};
	objectVersion = 47;
	objects = {

/* Begin PBXBuildFile section */
		520B98261CA17A5100B9733E /* UCPieceView.swift in Sources */ = {isa = PBXBuildFile; fileRef = 520B98251CA17A5100B9733E /* UCPieceView.swift */; };
		520B98281CA1A0F600B9733E /* UCArenaView.swift in Sources */ = {isa = PBXBuildFile; fileRef = 520B98271CA1A0F600B9733E /* UCArenaView.swift */; };
		52342D7D1CB17DB400FB2501 /* UCUtility-iOS.swift in Sources */ = {isa = PBXBuildFile; fileRef = 52342D7C1CB17DB400FB2501 /* UCUtility-iOS.swift */; };
		523EA02A1CA248DF006AFCF7 /* UCCustomizePieceViewController.swift in Sources */ = {isa = PBXBuildFile; fileRef = 523EA0291CA248DE006AFCF7 /* UCCustomizePieceViewController.swift */; };
		525CD97C1C79308100C04862 /* UCUtility.swift in Sources */ = {isa = PBXBuildFile; fileRef = 525CD97B1C79308100C04862 /* UCUtility.swift */; };
		528219B61C6F0D0A003B9307 /* AppDelegate.swift in Sources */ = {isa = PBXBuildFile; fileRef = 528219B51C6F0D0A003B9307 /* AppDelegate.swift */; };
		528219BB1C6F0D0B003B9307 /* Main.storyboard in Resources */ = {isa = PBXBuildFile; fileRef = 528219B91C6F0D0B003B9307 /* Main.storyboard */; };
		528219C61C6F0DBB003B9307 /* UCSettingsManager.swift in Sources */ = {isa = PBXBuildFile; fileRef = 528219C51C6F0DBB003B9307 /* UCSettingsManager.swift */; };
		528219CE1C6F0FB2003B9307 /* UCSplashViewController.swift in Sources */ = {isa = PBXBuildFile; fileRef = 528219CD1C6F0FB2003B9307 /* UCSplashViewController.swift */; };
		528219D21C6FCCA6003B9307 /* UCMainViewController.swift in Sources */ = {isa = PBXBuildFile; fileRef = 528219D11C6FCCA6003B9307 /* UCMainViewController.swift */; };
		528219D41C6FCCE6003B9307 /* UCArenaViewController.swift in Sources */ = {isa = PBXBuildFile; fileRef = 528219D31C6FCCE6003B9307 /* UCArenaViewController.swift */; };
		528219D61C6FCD51003B9307 /* UCPodiumViewController.swift in Sources */ = {isa = PBXBuildFile; fileRef = 528219D51C6FCD51003B9307 /* UCPodiumViewController.swift */; };
		528219DA1C6FCDAF003B9307 /* UCSettingsViewController.swift in Sources */ = {isa = PBXBuildFile; fileRef = 528219D91C6FCDAF003B9307 /* UCSettingsViewController.swift */; };
		529A9A511CA8C32F0039D5E6 /* LLDialog.swift in Sources */ = {isa = PBXBuildFile; fileRef = 529A9A501CA8C32F0039D5E6 /* LLDialog.swift */; };
		52B3D0B81CA6261E009136C4 /* UCLineView.swift in Sources */ = {isa = PBXBuildFile; fileRef = 52B3D0B71CA6261D009136C4 /* UCLineView.swift */; };
		52B9D1911CFBA57B007088D8 /* QCMethod.swift in Sources */ = {isa = PBXBuildFile; fileRef = 52B9D1901CFBA57B007088D8 /* QCMethod.swift */; };
		52CF37721C8DF6F4006DD698 /* UCStandardView.swift in Sources */ = {isa = PBXBuildFile; fileRef = 52CF37711C8DF6F4006DD698 /* UCStandardView.swift */; };
		52D268A51C7005E300AA7217 /* Assets.xcassets in Resources */ = {isa = PBXBuildFile; fileRef = 52D268A41C7005E300AA7217 /* Assets.xcassets */; };
/* End PBXBuildFile section */

/* Begin PBXCopyFilesBuildPhase section */
		5297F8E71CAF00050092FC38 /* Embed Watch Content */ = {
			isa = PBXCopyFilesBuildPhase;
			buildActionMask = 2147483647;
			dstPath = "$(CONTENTS_FOLDER_PATH)/Watch";
			dstSubfolderSpec = 16;
			files = (
			);
			name = "Embed Watch Content";
			runOnlyForDeploymentPostprocessing = 0;
		};
/* End PBXCopyFilesBuildPhase section */

/* Begin PBXFileReference section */
		52027A2D1C71772900E61D95 /* zh-Hans */ = {isa = PBXFileReference; lastKnownFileType = text.plist.strings; name = "zh-Hans"; path = "zh-Hans.lproj/Main.strings"; sourceTree = "<group>"; };
		520B98251CA17A5100B9733E /* UCPieceView.swift */ = {isa = PBXFileReference; fileEncoding = 4; lastKnownFileType = sourcecode.swift; path = UCPieceView.swift; sourceTree = "<group>"; };
		520B98271CA1A0F600B9733E /* UCArenaView.swift */ = {isa = PBXFileReference; fileEncoding = 4; lastKnownFileType = sourcecode.swift; path = UCArenaView.swift; sourceTree = "<group>"; };
		522CFFC41C796315006A6B51 /* zh-Hans.xliff */ = {isa = PBXFileReference; fileEncoding = 4; lastKnownFileType = text.xml; name = "zh-Hans.xliff"; path = "underchess/Underchess/zh-Hans.xliff"; sourceTree = "<group>"; };
		52342D7A1CB17D9B00FB2501 /* UCUtility-Watch.swift */ = {isa = PBXFileReference; fileEncoding = 4; lastKnownFileType = sourcecode.swift; name = "UCUtility-Watch.swift"; path = "Underchess-Watch2 Extension/UCUtility-Watch.swift"; sourceTree = "<group>"; };
		52342D7C1CB17DB400FB2501 /* UCUtility-iOS.swift */ = {isa = PBXFileReference; fileEncoding = 4; lastKnownFileType = sourcecode.swift; name = "UCUtility-iOS.swift"; path = "underchess/UCUtility-iOS.swift"; sourceTree = "<group>"; };
		523EA0291CA248DE006AFCF7 /* UCCustomizePieceViewController.swift */ = {isa = PBXFileReference; fileEncoding = 4; lastKnownFileType = sourcecode.swift; path = UCCustomizePieceViewController.swift; sourceTree = "<group>"; };
		525CD97B1C79308100C04862 /* UCUtility.swift */ = {isa = PBXFileReference; fileEncoding = 4; lastKnownFileType = sourcecode.swift; name = UCUtility.swift; path = underchess/UCUtility.swift; sourceTree = "<group>"; };
		528219B21C6F0D0A003B9307 /* underchess.app */ = {isa = PBXFileReference; explicitFileType = wrapper.application; includeInIndex = 0; path = underchess.app; sourceTree = BUILT_PRODUCTS_DIR; };
		528219B51C6F0D0A003B9307 /* AppDelegate.swift */ = {isa = PBXFileReference; lastKnownFileType = sourcecode.swift; name = AppDelegate.swift; path = underchess/AppDelegate.swift; sourceTree = "<group>"; };
		528219BA1C6F0D0B003B9307 /* Base */ = {isa = PBXFileReference; lastKnownFileType = file.storyboard; name = Base; path = Base.lproj/Main.storyboard; sourceTree = "<group>"; };
		528219C11C6F0D0B003B9307 /* Info.plist */ = {isa = PBXFileReference; lastKnownFileType = text.plist.xml; name = Info.plist; path = underchess/Info.plist; sourceTree = "<group>"; };
		528219C51C6F0DBB003B9307 /* UCSettingsManager.swift */ = {isa = PBXFileReference; fileEncoding = 4; lastKnownFileType = sourcecode.swift; path = UCSettingsManager.swift; sourceTree = "<group>"; };
		528219CD1C6F0FB2003B9307 /* UCSplashViewController.swift */ = {isa = PBXFileReference; fileEncoding = 4; lastKnownFileType = sourcecode.swift; path = UCSplashViewController.swift; sourceTree = "<group>"; };
		528219D11C6FCCA6003B9307 /* UCMainViewController.swift */ = {isa = PBXFileReference; fileEncoding = 4; lastKnownFileType = sourcecode.swift; path = UCMainViewController.swift; sourceTree = "<group>"; };
		528219D31C6FCCE6003B9307 /* UCArenaViewController.swift */ = {isa = PBXFileReference; fileEncoding = 4; lastKnownFileType = sourcecode.swift; path = UCArenaViewController.swift; sourceTree = "<group>"; };
		528219D51C6FCD51003B9307 /* UCPodiumViewController.swift */ = {isa = PBXFileReference; fileEncoding = 4; lastKnownFileType = sourcecode.swift; path = UCPodiumViewController.swift; sourceTree = "<group>"; };
		528219D91C6FCDAF003B9307 /* UCSettingsViewController.swift */ = {isa = PBXFileReference; fileEncoding = 4; lastKnownFileType = sourcecode.swift; path = UCSettingsViewController.swift; sourceTree = "<group>"; };
		5297F8CA1CAF00020092FC38 /* Base */ = {isa = PBXFileReference; lastKnownFileType = file.storyboard; name = Base; path = Base.lproj/Interface.storyboard; sourceTree = "<group>"; };
		5297F8CC1CAF00020092FC38 /* Assets.xcassets */ = {isa = PBXFileReference; lastKnownFileType = folder.assetcatalog; path = Assets.xcassets; sourceTree = "<group>"; };
		5297F8CE1CAF00020092FC38 /* Info.plist */ = {isa = PBXFileReference; lastKnownFileType = text.plist.xml; path = Info.plist; sourceTree = "<group>"; };
		5297F8D91CAF00040092FC38 /* PushNotificationPayload.apns */ = {isa = PBXFileReference; lastKnownFileType = text; path = PushNotificationPayload.apns; sourceTree = "<group>"; };
		5297F8DA1CAF00050092FC38 /* InterfaceController.swift */ = {isa = PBXFileReference; lastKnownFileType = sourcecode.swift; path = InterfaceController.swift; sourceTree = "<group>"; };
		5297F8DC1CAF00050092FC38 /* ExtensionDelegate.swift */ = {isa = PBXFileReference; lastKnownFileType = sourcecode.swift; path = ExtensionDelegate.swift; sourceTree = "<group>"; };
		5297F8DE1CAF00050092FC38 /* NotificationController.swift */ = {isa = PBXFileReference; lastKnownFileType = sourcecode.swift; path = NotificationController.swift; sourceTree = "<group>"; };
		5297F8E01CAF00050092FC38 /* GlanceController.swift */ = {isa = PBXFileReference; lastKnownFileType = sourcecode.swift; path = GlanceController.swift; sourceTree = "<group>"; };
		5297F8E21CAF00050092FC38 /* Assets.xcassets */ = {isa = PBXFileReference; lastKnownFileType = folder.assetcatalog; path = Assets.xcassets; sourceTree = "<group>"; };
		5297F8E41CAF00050092FC38 /* Info.plist */ = {isa = PBXFileReference; lastKnownFileType = text.plist.xml; path = Info.plist; sourceTree = "<group>"; };
		5297F8F11CAF49730092FC38 /* UCPieceImageGenerator.swift */ = {isa = PBXFileReference; fileEncoding = 4; lastKnownFileType = sourcecode.swift; path = UCPieceImageGenerator.swift; sourceTree = "<group>"; };
		529A9A501CA8C32F0039D5E6 /* LLDialog.swift */ = {isa = PBXFileReference; fileEncoding = 4; lastKnownFileType = sourcecode.swift; path = LLDialog.swift; sourceTree = "<group>"; };
		52B3D0B71CA6261D009136C4 /* UCLineView.swift */ = {isa = PBXFileReference; fileEncoding = 4; lastKnownFileType = sourcecode.swift; path = UCLineView.swift; sourceTree = "<group>"; };
		52B9D1901CFBA57B007088D8 /* QCMethod.swift */ = {isa = PBXFileReference; fileEncoding = 4; lastKnownFileType = sourcecode.swift; path = QCMethod.swift; sourceTree = "<group>"; };
		52CF37711C8DF6F4006DD698 /* UCStandardView.swift */ = {isa = PBXFileReference; fileEncoding = 4; lastKnownFileType = sourcecode.swift; path = UCStandardView.swift; sourceTree = "<group>"; };
		52D268A41C7005E300AA7217 /* Assets.xcassets */ = {isa = PBXFileReference; lastKnownFileType = folder.assetcatalog; name = Assets.xcassets; path = underchess/Assets.xcassets; sourceTree = "<group>"; };
/* End PBXFileReference section */

/* Begin PBXFrameworksBuildPhase section */
		528219AF1C6F0D0A003B9307 /* Frameworks */ = {
			isa = PBXFrameworksBuildPhase;
			buildActionMask = 2147483647;
			files = (
			);
			runOnlyForDeploymentPostprocessing = 0;
		};
/* End PBXFrameworksBuildPhase section */

/* Begin PBXGroup section */
		523EA0271CA248B5006AFCF7 /* Customizing */ = {
			isa = PBXGroup;
			children = (
				523EA0291CA248DE006AFCF7 /* UCCustomizePieceViewController.swift */,
			);
			name = Customizing;
			sourceTree = "<group>";
		};
		52444AC61CA1D799008565E0 /* Core */ = {
			isa = PBXGroup;
			children = (
				52CF37711C8DF6F4006DD698 /* UCStandardView.swift */,
				520B98271CA1A0F600B9733E /* UCArenaView.swift */,
				520B98251CA17A5100B9733E /* UCPieceView.swift */,
				52B3D0B71CA6261D009136C4 /* UCLineView.swift */,
			);
			name = Core;
			sourceTree = "<group>";
		};
		528219A71C6F06F2003B9307 = {
			isa = PBXGroup;
			children = (
				528219B41C6F0D0A003B9307 /* underchess */,
				528219C71C6F0ECB003B9307 /* Art */,
				528219C81C6F0EDC003B9307 /* Support */,
				5297F8C81CAF00010092FC38 /* Underchess-Watch2 */,
				5297F8D71CAF00040092FC38 /* Underchess-Watch2 Extension */,
				528219B31C6F0D0A003B9307 /* Products */,
			);
			sourceTree = "<group>";
		};
		528219B31C6F0D0A003B9307 /* Products */ = {
			isa = PBXGroup;
			children = (
				528219B21C6F0D0A003B9307 /* underchess.app */,
			);
			name = Products;
			sourceTree = "<group>";
		};
		528219B41C6F0D0A003B9307 /* underchess */ = {
			isa = PBXGroup;
			children = (
				52444AC61CA1D799008565E0 /* Core */,
				528219C91C6F0EFF003B9307 /* Splash Scene */,
				528219CA1C6F0F10003B9307 /* Main Scene */,
				528219CC1C6F0F30003B9307 /* Game Scene */,
				528219CB1C6F0F1D003B9307 /* Configuration Scene */,
			);
			path = underchess;
			sourceTree = "<group>";
		};
		528219C71C6F0ECB003B9307 /* Art */ = {
			isa = PBXGroup;
			children = (
				52D268A41C7005E300AA7217 /* Assets.xcassets */,
			);
			name = Art;
			sourceTree = "<group>";
		};
		528219C81C6F0EDC003B9307 /* Support */ = {
			isa = PBXGroup;
			children = (
				52B9D1901CFBA57B007088D8 /* QCMethod.swift */,
				529A9A501CA8C32F0039D5E6 /* LLDialog.swift */,
				522CFFC41C796315006A6B51 /* zh-Hans.xliff */,
				528219B51C6F0D0A003B9307 /* AppDelegate.swift */,
				525CD97B1C79308100C04862 /* UCUtility.swift */,
				528219C11C6F0D0B003B9307 /* Info.plist */,
				528219B91C6F0D0B003B9307 /* Main.storyboard */,
				52342D7A1CB17D9B00FB2501 /* UCUtility-Watch.swift */,
				52342D7C1CB17DB400FB2501 /* UCUtility-iOS.swift */,
			);
			name = Support;
			sourceTree = "<group>";
		};
		528219C91C6F0EFF003B9307 /* Splash Scene */ = {
			isa = PBXGroup;
			children = (
				528219CD1C6F0FB2003B9307 /* UCSplashViewController.swift */,
			);
			name = "Splash Scene";
			sourceTree = "<group>";
		};
		528219CA1C6F0F10003B9307 /* Main Scene */ = {
			isa = PBXGroup;
			children = (
				528219D11C6FCCA6003B9307 /* UCMainViewController.swift */,
			);
			name = "Main Scene";
			sourceTree = "<group>";
		};
		528219CB1C6F0F1D003B9307 /* Configuration Scene */ = {
			isa = PBXGroup;
			children = (
				528219C51C6F0DBB003B9307 /* UCSettingsManager.swift */,
				528219D91C6FCDAF003B9307 /* UCSettingsViewController.swift */,
			);
			name = "Configuration Scene";
			sourceTree = "<group>";
		};
		528219CC1C6F0F30003B9307 /* Game Scene */ = {
			isa = PBXGroup;
			children = (
				523EA0271CA248B5006AFCF7 /* Customizing */,
				528219D71C6FCD5A003B9307 /* Arena */,
				528219D81C6FCD64003B9307 /* Podium */,
			);
			name = "Game Scene";
			sourceTree = "<group>";
		};
		528219D71C6FCD5A003B9307 /* Arena */ = {
			isa = PBXGroup;
			children = (
				528219D31C6FCCE6003B9307 /* UCArenaViewController.swift */,
			);
			name = Arena;
			sourceTree = "<group>";
		};
		528219D81C6FCD64003B9307 /* Podium */ = {
			isa = PBXGroup;
			children = (
				528219D51C6FCD51003B9307 /* UCPodiumViewController.swift */,
			);
			name = Podium;
			sourceTree = "<group>";
		};
		5297F8C81CAF00010092FC38 /* Underchess-Watch2 */ = {
			isa = PBXGroup;
			children = (
				5297F8C91CAF00020092FC38 /* Interface.storyboard */,
				5297F8CC1CAF00020092FC38 /* Assets.xcassets */,
				5297F8CE1CAF00020092FC38 /* Info.plist */,
			);
			path = "Underchess-Watch2";
			sourceTree = "<group>";
		};
		5297F8D71CAF00040092FC38 /* Underchess-Watch2 Extension */ = {
			isa = PBXGroup;
			children = (
				5297F8DA1CAF00050092FC38 /* InterfaceController.swift */,
				5297F8DC1CAF00050092FC38 /* ExtensionDelegate.swift */,
				5297F8DE1CAF00050092FC38 /* NotificationController.swift */,
				5297F8E01CAF00050092FC38 /* GlanceController.swift */,
				5297F8E21CAF00050092FC38 /* Assets.xcassets */,
				5297F8E41CAF00050092FC38 /* Info.plist */,
				5297F8F11CAF49730092FC38 /* UCPieceImageGenerator.swift */,
				5297F8D81CAF00040092FC38 /* Supporting Files */,
			);
			path = "Underchess-Watch2 Extension";
			sourceTree = "<group>";
		};
		5297F8D81CAF00040092FC38 /* Supporting Files */ = {
			isa = PBXGroup;
			children = (
				5297F8D91CAF00040092FC38 /* PushNotificationPayload.apns */,
			);
			name = "Supporting Files";
			sourceTree = "<group>";
		};
/* End PBXGroup section */

/* Begin PBXNativeTarget section */
		528219B11C6F0D0A003B9307 /* underchess */ = {
			isa = PBXNativeTarget;
			buildConfigurationList = 528219C41C6F0D0B003B9307 /* Build configuration list for PBXNativeTarget "underchess" */;
			buildPhases = (
				528219AE1C6F0D0A003B9307 /* Sources */,
				528219AF1C6F0D0A003B9307 /* Frameworks */,
				528219B01C6F0D0A003B9307 /* Resources */,
				528219DB1C6FCDE6003B9307 /* ShellScript */,
				5297F8E71CAF00050092FC38 /* Embed Watch Content */,
			);
			buildRules = (
			);
			dependencies = (
			);
			name = underchess;
			productName = underchess;
			productReference = 528219B21C6F0D0A003B9307 /* underchess.app */;
			productType = "com.apple.product-type.application";
		};
/* End PBXNativeTarget section */

/* Begin PBXProject section */
		528219A81C6F06F2003B9307 /* Project object */ = {
			isa = PBXProject;
			attributes = {
				CLASSPREFIX = UC;
				LastSwiftUpdateCheck = 0730;
				LastUpgradeCheck = 0800;
				ORGANIZATIONNAME = WWITDC;
				TargetAttributes = {
					528219B11C6F0D0A003B9307 = {
						CreatedOnToolsVersion = 7.2.1;
						DevelopmentTeam = 2H866F22W7;
						LastSwiftMigration = 0800;
						SystemCapabilities = {
							com.apple.GameCenter = {
								enabled = 1;
							};
						};
					};
				};
			};
			buildConfigurationList = 528219AB1C6F06F2003B9307 /* Build configuration list for PBXProject "Underchess" */;
			compatibilityVersion = "Xcode 6.3";
			developmentRegion = English;
			hasScannedForEncodings = 0;
			knownRegions = (
				en,
				Base,
			);
			mainGroup = 528219A71C6F06F2003B9307;
			productRefGroup = 528219B31C6F0D0A003B9307 /* Products */;
			projectDirPath = "";
			projectRoot = "";
			targets = (
				528219B11C6F0D0A003B9307 /* underchess */,
			);
		};
/* End PBXProject section */

/* Begin PBXResourcesBuildPhase section */
		528219B01C6F0D0A003B9307 /* Resources */ = {
			isa = PBXResourcesBuildPhase;
			buildActionMask = 2147483647;
			files = (
				528219BB1C6F0D0B003B9307 /* Main.storyboard in Resources */,
				52D268A51C7005E300AA7217 /* Assets.xcassets in Resources */,
			);
			runOnlyForDeploymentPostprocessing = 0;
		};
/* End PBXResourcesBuildPhase section */

/* Begin PBXShellScriptBuildPhase section */
		528219DB1C6FCDE6003B9307 /* ShellScript */ = {
			isa = PBXShellScriptBuildPhase;
			buildActionMask = 2147483647;
			files = (
			);
			inputPaths = (
			);
			outputPaths = (
			);
			runOnlyForDeploymentPostprocessing = 0;
			shellPath = /bin/sh;
			shellScript = "#!/bin/bash\nbuildNumber=$(/usr/libexec/PlistBuddy -c \"Print CFBundleVersion\" \"$INFOPLIST_FILE\")\nbuildNumber=$(($buildNumber + 1))\n/usr/libexec/PlistBuddy -c \"Set :CFBundleVersion $buildNumber\" \"$INFOPLIST_FILE\"";
		};
/* End PBXShellScriptBuildPhase section */

/* Begin PBXSourcesBuildPhase section */
		528219AE1C6F0D0A003B9307 /* Sources */ = {
			isa = PBXSourcesBuildPhase;
			buildActionMask = 2147483647;
			files = (
				528219B61C6F0D0A003B9307 /* AppDelegate.swift in Sources */,
				52342D7D1CB17DB400FB2501 /* UCUtility-iOS.swift in Sources */,
				523EA02A1CA248DF006AFCF7 /* UCCustomizePieceViewController.swift in Sources */,
				528219DA1C6FCDAF003B9307 /* UCSettingsViewController.swift in Sources */,
				525CD97C1C79308100C04862 /* UCUtility.swift in Sources */,
				528219C61C6F0DBB003B9307 /* UCSettingsManager.swift in Sources */,
				52CF37721C8DF6F4006DD698 /* UCStandardView.swift in Sources */,
				528219CE1C6F0FB2003B9307 /* UCSplashViewController.swift in Sources */,
				520B98281CA1A0F600B9733E /* UCArenaView.swift in Sources */,
				52B3D0B81CA6261E009136C4 /* UCLineView.swift in Sources */,
				528219D41C6FCCE6003B9307 /* UCArenaViewController.swift in Sources */,
				520B98261CA17A5100B9733E /* UCPieceView.swift in Sources */,
				528219D61C6FCD51003B9307 /* UCPodiumViewController.swift in Sources */,
				528219D21C6FCCA6003B9307 /* UCMainViewController.swift in Sources */,
				52B9D1911CFBA57B007088D8 /* QCMethod.swift in Sources */,
				529A9A511CA8C32F0039D5E6 /* LLDialog.swift in Sources */,
			);
			runOnlyForDeploymentPostprocessing = 0;
		};
/* End PBXSourcesBuildPhase section */

/* Begin PBXVariantGroup section */
		528219B91C6F0D0B003B9307 /* Main.storyboard */ = {
			isa = PBXVariantGroup;
			children = (
				528219BA1C6F0D0B003B9307 /* Base */,
				52027A2D1C71772900E61D95 /* zh-Hans */,
			);
			name = Main.storyboard;
			path = underchess;
			sourceTree = "<group>";
		};
		5297F8C91CAF00020092FC38 /* Interface.storyboard */ = {
			isa = PBXVariantGroup;
			children = (
				5297F8CA1CAF00020092FC38 /* Base */,
			);
			name = Interface.storyboard;
			sourceTree = "<group>";
		};
/* End PBXVariantGroup section */

/* Begin XCBuildConfiguration section */
		528219AC1C6F06F3003B9307 /* Debug */ = {
			isa = XCBuildConfiguration;
			buildSettings = {
				CLANG_ANALYZER_LOCALIZABILITY_NONLOCALIZED = YES;
				CLANG_WARN_BOOL_CONVERSION = YES;
				CLANG_WARN_CONSTANT_CONVERSION = YES;
				CLANG_WARN_EMPTY_BODY = YES;
				CLANG_WARN_ENUM_CONVERSION = YES;
				CLANG_WARN_INT_CONVERSION = YES;
				CLANG_WARN_UNREACHABLE_CODE = YES;
				CLANG_WARN__DUPLICATE_METHOD_MATCH = YES;
				ENABLE_STRICT_OBJC_MSGSEND = YES;
				ENABLE_TESTABILITY = YES;
				GCC_NO_COMMON_BLOCKS = YES;
				GCC_WARN_64_TO_32_BIT_CONVERSION = YES;
				GCC_WARN_ABOUT_RETURN_TYPE = YES;
				GCC_WARN_UNDECLARED_SELECTOR = YES;
				GCC_WARN_UNINITIALIZED_AUTOS = YES;
				GCC_WARN_UNUSED_FUNCTION = YES;
				GCC_WARN_UNUSED_VARIABLE = YES;
				IPHONEOS_DEPLOYMENT_TARGET = 8.0;
				ONLY_ACTIVE_ARCH = YES;
			};
			name = Debug;
		};
		528219AD1C6F06F3003B9307 /* Release */ = {
			isa = XCBuildConfiguration;
			buildSettings = {
				CLANG_ANALYZER_LOCALIZABILITY_NONLOCALIZED = YES;
				CLANG_WARN_BOOL_CONVERSION = YES;
				CLANG_WARN_CONSTANT_CONVERSION = YES;
				CLANG_WARN_EMPTY_BODY = YES;
				CLANG_WARN_ENUM_CONVERSION = YES;
				CLANG_WARN_INT_CONVERSION = YES;
				CLANG_WARN_UNREACHABLE_CODE = YES;
				CLANG_WARN__DUPLICATE_METHOD_MATCH = YES;
				ENABLE_STRICT_OBJC_MSGSEND = YES;
				GCC_NO_COMMON_BLOCKS = YES;
				GCC_WARN_64_TO_32_BIT_CONVERSION = YES;
				GCC_WARN_ABOUT_RETURN_TYPE = YES;
				GCC_WARN_UNDECLARED_SELECTOR = YES;
				GCC_WARN_UNINITIALIZED_AUTOS = YES;
				GCC_WARN_UNUSED_FUNCTION = YES;
				GCC_WARN_UNUSED_VARIABLE = YES;
				IPHONEOS_DEPLOYMENT_TARGET = 8.0;
			};
			name = Release;
		};
		528219C21C6F0D0B003B9307 /* Debug */ = {
			isa = XCBuildConfiguration;
			buildSettings = {
				ALWAYS_SEARCH_USER_PATHS = NO;
				ASSETCATALOG_COMPILER_APPICON_NAME = AppIcon;
				CLANG_CXX_LANGUAGE_STANDARD = "gnu++0x";
				CLANG_CXX_LIBRARY = "libc++";
				CLANG_ENABLE_MODULES = YES;
				CLANG_ENABLE_OBJC_ARC = YES;
				CLANG_WARN_BOOL_CONVERSION = YES;
				CLANG_WARN_CONSTANT_CONVERSION = YES;
				CLANG_WARN_DIRECT_OBJC_ISA_USAGE = YES_ERROR;
				CLANG_WARN_EMPTY_BODY = YES;
				CLANG_WARN_ENUM_CONVERSION = YES;
				CLANG_WARN_INT_CONVERSION = YES;
				CLANG_WARN_OBJC_ROOT_CLASS = YES_ERROR;
				CLANG_WARN_UNREACHABLE_CODE = YES;
				CLANG_WARN__DUPLICATE_METHOD_MATCH = YES;
				CODE_SIGN_IDENTITY = "iPhone Developer";
				"CODE_SIGN_IDENTITY[sdk=iphoneos*]" = "iPhone Developer";
				COPY_PHASE_STRIP = NO;
				DEBUG_INFORMATION_FORMAT = dwarf;
				ENABLE_STRICT_OBJC_MSGSEND = YES;
				ENABLE_TESTABILITY = YES;
				GCC_C_LANGUAGE_STANDARD = gnu99;
				GCC_DYNAMIC_NO_PIC = NO;
				GCC_NO_COMMON_BLOCKS = YES;
				GCC_OPTIMIZATION_LEVEL = 0;
				GCC_PREPROCESSOR_DEFINITIONS = (
					"DEBUG=1",
					"$(inherited)",
				);
				GCC_WARN_64_TO_32_BIT_CONVERSION = YES;
				GCC_WARN_ABOUT_RETURN_TYPE = YES_ERROR;
				GCC_WARN_UNDECLARED_SELECTOR = YES;
				GCC_WARN_UNINITIALIZED_AUTOS = YES_AGGRESSIVE;
				GCC_WARN_UNUSED_FUNCTION = YES;
				GCC_WARN_UNUSED_VARIABLE = YES;
				INFOPLIST_FILE = underchess/Info.plist;
				IPHONEOS_DEPLOYMENT_TARGET = 8.0;
				LD_RUNPATH_SEARCH_PATHS = "$(inherited) @executable_path/Frameworks";
				MTL_ENABLE_DEBUG_INFO = YES;
				ONLY_ACTIVE_ARCH = YES;
				PRODUCT_BUNDLE_IDENTIFIER = com.wwitdc.apollo.underchess;
				PRODUCT_NAME = "$(TARGET_NAME)";
				PROVISIONING_PROFILE = "";
				SDKROOT = iphoneos;
				SWIFT_OPTIMIZATION_LEVEL = "-Onone";
				SWIFT_VERSION = 3.0;
				TARGETED_DEVICE_FAMILY = "1,2";
			};
			name = Debug;
		};
		528219C31C6F0D0B003B9307 /* Release */ = {
			isa = XCBuildConfiguration;
			buildSettings = {
				ALWAYS_SEARCH_USER_PATHS = NO;
				ASSETCATALOG_COMPILER_APPICON_NAME = AppIcon;
				CLANG_CXX_LANGUAGE_STANDARD = "gnu++0x";
				CLANG_CXX_LIBRARY = "libc++";
				CLANG_ENABLE_MODULES = YES;
				CLANG_ENABLE_OBJC_ARC = YES;
				CLANG_WARN_BOOL_CONVERSION = YES;
				CLANG_WARN_CONSTANT_CONVERSION = YES;
				CLANG_WARN_DIRECT_OBJC_ISA_USAGE = YES_ERROR;
				CLANG_WARN_EMPTY_BODY = YES;
				CLANG_WARN_ENUM_CONVERSION = YES;
				CLANG_WARN_INT_CONVERSION = YES;
				CLANG_WARN_OBJC_ROOT_CLASS = YES_ERROR;
				CLANG_WARN_UNREACHABLE_CODE = YES;
				CLANG_WARN__DUPLICATE_METHOD_MATCH = YES;
				CODE_SIGN_IDENTITY = "iPhone Developer";
				"CODE_SIGN_IDENTITY[sdk=iphoneos*]" = "iPhone Developer";
				COPY_PHASE_STRIP = NO;
				DEBUG_INFORMATION_FORMAT = "dwarf-with-dsym";
				ENABLE_NS_ASSERTIONS = NO;
				ENABLE_STRICT_OBJC_MSGSEND = YES;
				GCC_C_LANGUAGE_STANDARD = gnu99;
				GCC_NO_COMMON_BLOCKS = YES;
				GCC_WARN_64_TO_32_BIT_CONVERSION = YES;
				GCC_WARN_ABOUT_RETURN_TYPE = YES_ERROR;
				GCC_WARN_UNDECLARED_SELECTOR = YES;
				GCC_WARN_UNINITIALIZED_AUTOS = YES_AGGRESSIVE;
				GCC_WARN_UNUSED_FUNCTION = YES;
				GCC_WARN_UNUSED_VARIABLE = YES;
				INFOPLIST_FILE = underchess/Info.plist;
				IPHONEOS_DEPLOYMENT_TARGET = 8.0;
				LD_RUNPATH_SEARCH_PATHS = "$(inherited) @executable_path/Frameworks";
				MTL_ENABLE_DEBUG_INFO = NO;
				PRODUCT_BUNDLE_IDENTIFIER = com.wwitdc.apollo.underchess;
				PRODUCT_NAME = "$(TARGET_NAME)";
				PROVISIONING_PROFILE = "";
				SDKROOT = iphoneos;
				SWIFT_OPTIMIZATION_LEVEL = "-Owholemodule";
				SWIFT_VERSION = 3.0;
				TARGETED_DEVICE_FAMILY = "1,2";
				VALIDATE_PRODUCT = YES;
			};
			name = Release;
		};
/* End XCBuildConfiguration section */

/* Begin XCConfigurationList section */
		528219AB1C6F06F2003B9307 /* Build configuration list for PBXProject "Underchess" */ = {
			isa = XCConfigurationList;
			buildConfigurations = (
				528219AC1C6F06F3003B9307 /* Debug */,
				528219AD1C6F06F3003B9307 /* Release */,
			);
			defaultConfigurationIsVisible = 0;
			defaultConfigurationName = Release;
		};
		528219C41C6F0D0B003B9307 /* Build configuration list for PBXNativeTarget "underchess" */ = {
			isa = XCConfigurationList;
			buildConfigurations = (
				528219C21C6F0D0B003B9307 /* Debug */,
				528219C31C6F0D0B003B9307 /* Release */,
			);
			defaultConfigurationIsVisible = 0;
			defaultConfigurationName = Release;
		};
/* End XCConfigurationList section */
	};
	rootObject = 528219A81C6F06F2003B9307 /* Project object */;
}
